
Microsoft Visual Studio Solution File, Format Version 12.00
Project("{FAE04EC0-301F-11D3-BF4B-00C04F79EFBC}") = "ToDos.Application", "ToDos.Application\ToDos.Application.csproj", "{7F5A9D92-375E-4321-A7F8-BE48B3CAFA2E}"
EndProject
Project("{FAE04EC0-301F-11D3-BF4B-00C04F79EFBC}") = "ToDos.Application.Tests", "ToDos.Application.Tests\ToDos.Application.Tests.csproj", "{75F05F8E-FB6F-4938-83A3-10617C59C1D6}"
EndProject
Global
	GlobalSection(SolutionConfigurationPlatforms) = preSolution
		Debug|Any CPU = Debug|Any CPU
		Release|Any CPU = Release|Any CPU
	EndGlobalSection
	GlobalSection(ProjectConfigurationPlatforms) = postSolution
		{7F5A9D92-375E-4321-A7F8-BE48B3CAFA2E}.Debug|Any CPU.ActiveCfg = Debug|Any CPU
		{7F5A9D92-375E-4321-A7F8-BE48B3CAFA2E}.Debug|Any CPU.Build.0 = Debug|Any CPU
		{7F5A9D92-375E-4321-A7F8-BE48B3CAFA2E}.Release|Any CPU.ActiveCfg = Release|Any CPU
		{7F5A9D92-375E-4321-A7F8-BE48B3CAFA2E}.Release|Any CPU.Build.0 = Release|Any CPU
		{75F05F8E-FB6F-4938-83A3-10617C59C1D6}.Debug|Any CPU.ActiveCfg = Debug|Any CPU
		{75F05F8E-FB6F-4938-83A3-10617C59C1D6}.Debug|Any CPU.Build.0 = Debug|Any CPU
		{75F05F8E-FB6F-4938-83A3-10617C59C1D6}.Release|Any CPU.ActiveCfg = Release|Any CPU
		{75F05F8E-FB6F-4938-83A3-10617C59C1D6}.Release|Any CPU.Build.0 = Release|Any CPU
	EndGlobalSection
EndGlobal
